
Microsoft Visual Studio Solution File, Format Version 12.00
# Visual Studio 15
VisualStudioVersion = 15.0.28307.271
MinimumVisualStudioVersion = 10.0.40219.1
Project("{FAE04EC0-301F-11D3-BF4B-00C04F79EFBC}") = "TravelTimesApp", "TravelTimesApp\TravelTimesApp.csproj", "{6E913CAB-930E-4F8C-ADD1-E30E39091BAD}"
EndProject
Global
	GlobalSection(SolutionConfigurationPlatforms) = preSolution
		Debug|Any CPU = Debug|Any CPU
		Release|Any CPU = Release|Any CPU
	EndGlobalSection
	GlobalSection(ProjectConfigurationPlatforms) = postSolution
		{6E913CAB-930E-4F8C-ADD1-E30E39091BAD}.Debug|Any CPU.ActiveCfg = Debug|Any CPU
		{6E913CAB-930E-4F8C-ADD1-E30E39091BAD}.Debug|Any CPU.Build.0 = Debug|Any CPU
		{6E913CAB-930E-4F8C-ADD1-E30E39091BAD}.Release|Any CPU.ActiveCfg = Release|Any CPU
		{6E913CAB-930E-4F8C-ADD1-E30E39091BAD}.Release|Any CPU.Build.0 = Release|Any CPU
	EndGlobalSection
	GlobalSection(SolutionProperties) = preSolution
		HideSolutionNode = FALSE
	EndGlobalSection
	GlobalSection(ExtensibilityGlobals) = postSolution
		SolutionGuid = {B5BAEF5D-02BC-4458-A902-C073D97323D5}
	EndGlobalSection
EndGlobal
